
Microsoft Visual Studio Solution File, Format Version 12.00
# Visual Studio Version 17
VisualStudioVersion = 17.1.32421.90
MinimumVisualStudioVersion = 10.0.40219.1
Project("{FAE04EC0-301F-11D3-BF4B-00C04F79EFBC}") = "imageTool", "imageTool\imageTool.csproj", "{B91C3C8D-DF24-40D5-9C03-E9D684B2AA70}"
EndProject
Global
	GlobalSection(SolutionConfigurationPlatforms) = preSolution
		Debug|Any CPU = Debug|Any CPU
		Release|Any CPU = Release|Any CPU
	EndGlobalSection
	GlobalSection(ProjectConfigurationPlatforms) = postSolution
		{B91C3C8D-DF24-40D5-9C03-E9D684B2AA70}.Debug|Any CPU.ActiveCfg = Debug|Any CPU
		{B91C3C8D-DF24-40D5-9C03-E9D684B2AA70}.Debug|Any CPU.Build.0 = Debug|Any CPU
		{B91C3C8D-DF24-40D5-9C03-E9D684B2AA70}.Release|Any CPU.ActiveCfg = Release|Any CPU
		{B91C3C8D-DF24-40D5-9C03-E9D684B2AA70}.Release|Any CPU.Build.0 = Release|Any CPU
	EndGlobalSection
	GlobalSection(SolutionProperties) = preSolution
		HideSolutionNode = FALSE
	EndGlobalSection
	GlobalSection(ExtensibilityGlobals) = postSolution
		SolutionGuid = {371FD66B-C9F9-4E20-828D-F684A35DCBB7}
	EndGlobalSection
EndGlobal
